
Microsoft Visual Studio Solution File, Format Version 12.00
# Visual Studio Version 17
VisualStudioVersion = 17.5.002.0
MinimumVisualStudioVersion = 10.0.40219.1
Project("{9A19103F-16F7-4668-BE54-9A1E7A4F7556}") = "DesafioFundamentos", "DesafioFundamentos\DesafioFundamentos.csproj", "{EE6C3FD1-F5CF-43EB-AAA0-BD1FD3004741}"
EndProject
Global
	GlobalSection(SolutionConfigurationPlatforms) = preSolution
		Debug|Any CPU = Debug|Any CPU
		Release|Any CPU = Release|Any CPU
	EndGlobalSection
	GlobalSection(ProjectConfigurationPlatforms) = postSolution
		{EE6C3FD1-F5CF-43EB-AAA0-BD1FD3004741}.Debug|Any CPU.ActiveCfg = Debug|Any CPU
		{EE6C3FD1-F5CF-43EB-AAA0-BD1FD3004741}.Debug|Any CPU.Build.0 = Debug|Any CPU
		{EE6C3FD1-F5CF-43EB-AAA0-BD1FD3004741}.Release|Any CPU.ActiveCfg = Release|Any CPU
		{EE6C3FD1-F5CF-43EB-AAA0-BD1FD3004741}.Release|Any CPU.Build.0 = Release|Any CPU
	EndGlobalSection
	GlobalSection(SolutionProperties) = preSolution
		HideSolutionNode = FALSE
	EndGlobalSection
	GlobalSection(ExtensibilityGlobals) = postSolution
		SolutionGuid = {08507DB6-6045-4883-BA6B-E1E06618F2E5}
	EndGlobalSection
EndGlobal
